
Microsoft Visual Studio Solution File, Format Version 12.00
# Visual Studio 15
VisualStudioVersion = 15.0.27130.2003
MinimumVisualStudioVersion = 10.0.40219.1
Project("{FAE04EC0-301F-11D3-BF4B-00C04F79EFBC}") = "006 - Sum Square Difference", "006 - Sum Square Difference\006 - Sum Square Difference.csproj", "{D8F69E9B-AB0D-4596-A861-BD8BC659671D}"
EndProject
Global
	GlobalSection(SolutionConfigurationPlatforms) = preSolution
		Debug|Any CPU = Debug|Any CPU
		Release|Any CPU = Release|Any CPU
	EndGlobalSection
	GlobalSection(ProjectConfigurationPlatforms) = postSolution
		{D8F69E9B-AB0D-4596-A861-BD8BC659671D}.Debug|Any CPU.ActiveCfg = Debug|Any CPU
		{D8F69E9B-AB0D-4596-A861-BD8BC659671D}.Debug|Any CPU.Build.0 = Debug|Any CPU
		{D8F69E9B-AB0D-4596-A861-BD8BC659671D}.Release|Any CPU.ActiveCfg = Release|Any CPU
		{D8F69E9B-AB0D-4596-A861-BD8BC659671D}.Release|Any CPU.Build.0 = Release|Any CPU
	EndGlobalSection
	GlobalSection(SolutionProperties) = preSolution
		HideSolutionNode = FALSE
	EndGlobalSection
	GlobalSection(ExtensibilityGlobals) = postSolution
		SolutionGuid = {948B843A-7A9A-4F0D-B3B1-2BBE7AF0484C}
	EndGlobalSection
EndGlobal
