
Microsoft Visual Studio Solution File, Format Version 12.00
# Visual Studio 15
VisualStudioVersion = 15.0.27130.2003
MinimumVisualStudioVersion = 10.0.40219.1
Project("{FAE04EC0-301F-11D3-BF4B-00C04F79EFBC}") = "001 - Multiples of 3 or 5", "001 - Multiples of 3 or 5\001 - Multiples of 3 or 5.csproj", "{B722EAB6-8518-459A-9BCD-B4875BF8C451}"
EndProject
Global
	GlobalSection(SolutionConfigurationPlatforms) = preSolution
		Debug|Any CPU = Debug|Any CPU
		Release|Any CPU = Release|Any CPU
	EndGlobalSection
	GlobalSection(ProjectConfigurationPlatforms) = postSolution
		{B722EAB6-8518-459A-9BCD-B4875BF8C451}.Debug|Any CPU.ActiveCfg = Debug|Any CPU
		{B722EAB6-8518-459A-9BCD-B4875BF8C451}.Debug|Any CPU.Build.0 = Debug|Any CPU
		{B722EAB6-8518-459A-9BCD-B4875BF8C451}.Release|Any CPU.ActiveCfg = Release|Any CPU
		{B722EAB6-8518-459A-9BCD-B4875BF8C451}.Release|Any CPU.Build.0 = Release|Any CPU
	EndGlobalSection
	GlobalSection(SolutionProperties) = preSolution
		HideSolutionNode = FALSE
	EndGlobalSection
	GlobalSection(ExtensibilityGlobals) = postSolution
		SolutionGuid = {0222FEAD-1885-45BB-A99A-558377C7C13F}
	EndGlobalSection
EndGlobal
