
Microsoft Visual Studio Solution File, Format Version 12.00
# Visual Studio 15
VisualStudioVersion = 15.0.27130.2003
MinimumVisualStudioVersion = 10.0.40219.1
Project("{FAE04EC0-301F-11D3-BF4B-00C04F79EFBC}") = "010 - Summation of Primes", "010 - Summation of Primes\010 - Summation of Primes.csproj", "{94E05C67-6DB0-4689-BDB1-6A6C4B0AC92D}"
EndProject
Global
	GlobalSection(SolutionConfigurationPlatforms) = preSolution
		Debug|Any CPU = Debug|Any CPU
		Release|Any CPU = Release|Any CPU
	EndGlobalSection
	GlobalSection(ProjectConfigurationPlatforms) = postSolution
		{94E05C67-6DB0-4689-BDB1-6A6C4B0AC92D}.Debug|Any CPU.ActiveCfg = Debug|Any CPU
		{94E05C67-6DB0-4689-BDB1-6A6C4B0AC92D}.Debug|Any CPU.Build.0 = Debug|Any CPU
		{94E05C67-6DB0-4689-BDB1-6A6C4B0AC92D}.Release|Any CPU.ActiveCfg = Release|Any CPU
		{94E05C67-6DB0-4689-BDB1-6A6C4B0AC92D}.Release|Any CPU.Build.0 = Release|Any CPU
	EndGlobalSection
	GlobalSection(SolutionProperties) = preSolution
		HideSolutionNode = FALSE
	EndGlobalSection
	GlobalSection(ExtensibilityGlobals) = postSolution
		SolutionGuid = {90D97CF6-C278-4AB4-AA55-4ADD588E52F5}
	EndGlobalSection
EndGlobal
