
Microsoft Visual Studio Solution File, Format Version 12.00
# Visual Studio 15
VisualStudioVersion = 15.0.27130.2003
MinimumVisualStudioVersion = 10.0.40219.1
Project("{FAE04EC0-301F-11D3-BF4B-00C04F79EFBC}") = "007 - 10001st Prime", "007 - 10001st Prime\007 - 10001st Prime.csproj", "{809D3C93-84C2-476F-A499-0E1DAF2286E0}"
EndProject
Global
	GlobalSection(SolutionConfigurationPlatforms) = preSolution
		Debug|Any CPU = Debug|Any CPU
		Release|Any CPU = Release|Any CPU
	EndGlobalSection
	GlobalSection(ProjectConfigurationPlatforms) = postSolution
		{809D3C93-84C2-476F-A499-0E1DAF2286E0}.Debug|Any CPU.ActiveCfg = Debug|Any CPU
		{809D3C93-84C2-476F-A499-0E1DAF2286E0}.Debug|Any CPU.Build.0 = Debug|Any CPU
		{809D3C93-84C2-476F-A499-0E1DAF2286E0}.Release|Any CPU.ActiveCfg = Release|Any CPU
		{809D3C93-84C2-476F-A499-0E1DAF2286E0}.Release|Any CPU.Build.0 = Release|Any CPU
	EndGlobalSection
	GlobalSection(SolutionProperties) = preSolution
		HideSolutionNode = FALSE
	EndGlobalSection
	GlobalSection(ExtensibilityGlobals) = postSolution
		SolutionGuid = {D20B9189-9005-41EA-AE56-CD2F1D0CCE3F}
	EndGlobalSection
EndGlobal
