
Microsoft Visual Studio Solution File, Format Version 12.00
# Visual Studio 15
VisualStudioVersion = 15.0.28307.1082
MinimumVisualStudioVersion = 10.0.40219.1
Project("{FAE04EC0-301F-11D3-BF4B-00C04F79EFBC}") = "014 - Longest Collatz Sequence", "014 - Longest Collatz Sequence\014 - Longest Collatz Sequence.csproj", "{CF28A631-4613-4964-9E84-DAD3BB0EBDDA}"
EndProject
Global
	GlobalSection(SolutionConfigurationPlatforms) = preSolution
		Debug|Any CPU = Debug|Any CPU
		Release|Any CPU = Release|Any CPU
	EndGlobalSection
	GlobalSection(ProjectConfigurationPlatforms) = postSolution
		{CF28A631-4613-4964-9E84-DAD3BB0EBDDA}.Debug|Any CPU.ActiveCfg = Debug|Any CPU
		{CF28A631-4613-4964-9E84-DAD3BB0EBDDA}.Debug|Any CPU.Build.0 = Debug|Any CPU
		{CF28A631-4613-4964-9E84-DAD3BB0EBDDA}.Release|Any CPU.ActiveCfg = Release|Any CPU
		{CF28A631-4613-4964-9E84-DAD3BB0EBDDA}.Release|Any CPU.Build.0 = Release|Any CPU
	EndGlobalSection
	GlobalSection(SolutionProperties) = preSolution
		HideSolutionNode = FALSE
	EndGlobalSection
	GlobalSection(ExtensibilityGlobals) = postSolution
		SolutionGuid = {D5A69563-189A-49D1-A4EA-5AF4467B2705}
	EndGlobalSection
EndGlobal
