
Microsoft Visual Studio Solution File, Format Version 12.00
# Visual Studio 15
VisualStudioVersion = 15.0.27130.2003
MinimumVisualStudioVersion = 10.0.40219.1
Project("{FAE04EC0-301F-11D3-BF4B-00C04F79EFBC}") = "005 - Smallest multiple", "005 - Smallest multiple\005 - Smallest multiple.csproj", "{13793D1B-B89C-4251-BB6E-438C6587C29A}"
EndProject
Global
	GlobalSection(SolutionConfigurationPlatforms) = preSolution
		Debug|Any CPU = Debug|Any CPU
		Release|Any CPU = Release|Any CPU
	EndGlobalSection
	GlobalSection(ProjectConfigurationPlatforms) = postSolution
		{13793D1B-B89C-4251-BB6E-438C6587C29A}.Debug|Any CPU.ActiveCfg = Debug|Any CPU
		{13793D1B-B89C-4251-BB6E-438C6587C29A}.Debug|Any CPU.Build.0 = Debug|Any CPU
		{13793D1B-B89C-4251-BB6E-438C6587C29A}.Release|Any CPU.ActiveCfg = Release|Any CPU
		{13793D1B-B89C-4251-BB6E-438C6587C29A}.Release|Any CPU.Build.0 = Release|Any CPU
	EndGlobalSection
	GlobalSection(SolutionProperties) = preSolution
		HideSolutionNode = FALSE
	EndGlobalSection
	GlobalSection(ExtensibilityGlobals) = postSolution
		SolutionGuid = {2D23325C-A82D-42B0-A30C-F5F4DF26E692}
	EndGlobalSection
EndGlobal
